
Microsoft Visual Studio Solution File, Format Version 12.00
# Visual Studio 15
VisualStudioVersion = 15.0.27428.2037
MinimumVisualStudioVersion = 10.0.40219.1
Project("{FAE04EC0-301F-11D3-BF4B-00C04F79EFBC}") = "BeautySaloonService", "BeautySaloonService\BeautySaloonService.csproj", "{1A9A1B8F-91D7-4175-9020-14E7A3705156}"
EndProject
Project("{FAE04EC0-301F-11D3-BF4B-00C04F79EFBC}") = "BeautySaloonModels", "BeautySaloonModels\BeautySaloonModels.csproj", "{6E2A81F8-692D-4B0E-BA6A-06C54044FD2D}"
EndProject
Global
	GlobalSection(SolutionConfigurationPlatforms) = preSolution
		Debug|Any CPU = Debug|Any CPU
		Release|Any CPU = Release|Any CPU
	EndGlobalSection
	GlobalSection(ProjectConfigurationPlatforms) = postSolution
		{1A9A1B8F-91D7-4175-9020-14E7A3705156}.Debug|Any CPU.ActiveCfg = Debug|Any CPU
		{1A9A1B8F-91D7-4175-9020-14E7A3705156}.Debug|Any CPU.Build.0 = Debug|Any CPU
		{1A9A1B8F-91D7-4175-9020-14E7A3705156}.Release|Any CPU.ActiveCfg = Release|Any CPU
		{1A9A1B8F-91D7-4175-9020-14E7A3705156}.Release|Any CPU.Build.0 = Release|Any CPU
		{6E2A81F8-692D-4B0E-BA6A-06C54044FD2D}.Debug|Any CPU.ActiveCfg = Debug|Any CPU
		{6E2A81F8-692D-4B0E-BA6A-06C54044FD2D}.Debug|Any CPU.Build.0 = Debug|Any CPU
		{6E2A81F8-692D-4B0E-BA6A-06C54044FD2D}.Release|Any CPU.ActiveCfg = Release|Any CPU
		{6E2A81F8-692D-4B0E-BA6A-06C54044FD2D}.Release|Any CPU.Build.0 = Release|Any CPU
	EndGlobalSection
	GlobalSection(SolutionProperties) = preSolution
		HideSolutionNode = FALSE
	EndGlobalSection
	GlobalSection(ExtensibilityGlobals) = postSolution
		SolutionGuid = {73AB0E13-AB35-4D2E-9F6A-F18F37512FEE}
	EndGlobalSection
EndGlobal
